
Microsoft Visual Studio Solution File, Format Version 12.00
Project("{FAE04EC0-301F-11D3-BF4B-00C04F79EFBC}") = "ServerLib", "ServerLib\ServerLib.csproj", "{7945E7C7-E272-44DC-9C81-7F88BC6D75EC}"
EndProject
Project("{FAE04EC0-301F-11D3-BF4B-00C04F79EFBC}") = "ServerLauncher", "ServerLauncher\ServerLauncher.csproj", "{2D3C3BD8-81EC-4FA6-9A3E-4665A735500B}"
EndProject
Global
	GlobalSection(SolutionConfigurationPlatforms) = preSolution
		Debug|Any CPU = Debug|Any CPU
		Release|Any CPU = Release|Any CPU
	EndGlobalSection
	GlobalSection(ProjectConfigurationPlatforms) = postSolution
		{7945E7C7-E272-44DC-9C81-7F88BC6D75EC}.Debug|Any CPU.ActiveCfg = Debug|Any CPU
		{7945E7C7-E272-44DC-9C81-7F88BC6D75EC}.Debug|Any CPU.Build.0 = Debug|Any CPU
		{7945E7C7-E272-44DC-9C81-7F88BC6D75EC}.Release|Any CPU.ActiveCfg = Release|Any CPU
		{7945E7C7-E272-44DC-9C81-7F88BC6D75EC}.Release|Any CPU.Build.0 = Release|Any CPU
		{2D3C3BD8-81EC-4FA6-9A3E-4665A735500B}.Debug|Any CPU.ActiveCfg = Debug|Any CPU
		{2D3C3BD8-81EC-4FA6-9A3E-4665A735500B}.Debug|Any CPU.Build.0 = Debug|Any CPU
		{2D3C3BD8-81EC-4FA6-9A3E-4665A735500B}.Release|Any CPU.ActiveCfg = Release|Any CPU
		{2D3C3BD8-81EC-4FA6-9A3E-4665A735500B}.Release|Any CPU.Build.0 = Release|Any CPU
	EndGlobalSection
EndGlobal
